# This file is automatically @generated by Poetry 1.8.2 and should not be changed by hand.

[[package]]
name = "rtoml"
version = "0.11.0"
description = ""
optional = false
python-versions = ">=3.8"
files = [
    {file = "rtoml-0.11.0-cp310-cp310-macosx_10_12_x86_64.whl", hash = "sha256:bbea5538d8e7a495878717743225bf261b097b42b17558d7f6876ec8ff700649"},
    {file = "rtoml-0.11.0-cp310-cp310-macosx_11_0_arm64.whl", hash = "sha256:ec72c71ce1eec6a9a75a59c914644a92afed55625f88086418c8f610646f6c31"},
    {file = "rtoml-0.11.0-cp310-cp310-manylinux_2_17_aarch64.manylinux2014_aarch64.whl", hash = "sha256:4161c01ee5cbf173382d4a55b26fc0d4a00ce68b9252c51cf6ee1a7b15d7922b"},
    {file = "rtoml-0.11.0-cp310-cp310-manylinux_2_17_armv7l.manylinux2014_armv7l.whl", hash = "sha256:ca19e750d2becefe482bd4ddcc3395816a0d1e69fbc562a18a0fe2f4b688ec70"},
    {file = "rtoml-0.11.0-cp310-cp310-manylinux_2_17_ppc64le.manylinux2014_ppc64le.whl", hash = "sha256:398a17548248d06844e125fd748f5fd507819652866e833db4114bd32fda30f6"},
    {file = "rtoml-0.11.0-cp310-cp310-manylinux_2_17_s390x.manylinux2014_s390x.whl", hash = "sha256:cb4c11a82a5ae89a4f5793dceed93e186032f1588e8f7ab3ebc48b8b54665a92"},
    {file = "rtoml-0.11.0-cp310-cp310-manylinux_2_17_x86_64.manylinux2014_x86_64.whl", hash = "sha256:384a580433edf011d8cdc683996866d0809721b7b9ab055c279a4bd51b5c7300"},
    {file = "rtoml-0.11.0-cp310-cp310-manylinux_2_5_i686.manylinux1_i686.whl", hash = "sha256:c55295fac0e18af5a7b91dc8a308dd50fe0dbf26e439a86ff674290823ed010d"},
    {file = "rtoml-0.11.0-cp310-cp310-musllinux_1_1_aarch64.whl", hash = "sha256:b00ea0a3f14af57f1bdbb89b71f59c912d4682f9aa6a1a3a6729d210a599c64f"},
    {file = "rtoml-0.11.0-cp310-cp310-musllinux_1_1_x86_64.whl", hash = "sha256:2bde7832c792a95d3c2f1a55833d5f5ae745c701ff0c09ad3e935146670403ed"},
    {file = "rtoml-0.11.0-cp310-none-win32.whl", hash = "sha256:dc350452dcdd69b5c247d6a6951f4253a5bec93b9da621da96ced4e1edc1d42d"},
    {file = "rtoml-0.11.0-cp310-none-win_amd64.whl", hash = "sha256:1836518858936ab435fff23805120760b759c7fa441d7150cdc6744d8d28e0ad"},
    {file = "rtoml-0.11.0-cp311-cp311-macosx_10_12_x86_64.whl", hash = "sha256:abf9a0f729040f99c7b1734c433919b19314843d0f1d597f2d82e448e210c60f"},
    {file = "rtoml-0.11.0-cp311-cp311-macosx_11_0_arm64.whl", hash = "sha256:48a3504d58d9a0178947cf988841f2a771b63bb90155ad20ba4da93318ca2195"},
    {file = "rtoml-0.11.0-cp311-cp311-manylinux_2_17_aarch64.manylinux2014_aarch64.whl", hash = "sha256:56421e722d61ff09df0ae1d447ed1f8f109877281a091da1062165093bfe6291"},
    {file = "rtoml-0.11.0-cp311-cp311-manylinux_2_17_armv7l.manylinux2014_armv7l.whl", hash = "sha256:a1be1b24c51a0a79beaf13e69603a556a165f27c92c93d284408e44686f82fbc"},
    {file = "rtoml-0.11.0-cp311-cp311-manylinux_2_17_ppc64le.manylinux2014_ppc64le.whl", hash = "sha256:ec5837a2e0e0e3084d243914c11aff602f6840e5c07a7b2e1ca0c89464ed7079"},
    {file = "rtoml-0.11.0-cp311-cp311-manylinux_2_17_s390x.manylinux2014_s390x.whl", hash = "sha256:765bb5f226f7694d66af39f23d79b65f6b30744ee1c1396acff303b772f4ba1d"},
    {file = "rtoml-0.11.0-cp311-cp311-manylinux_2_17_x86_64.manylinux2014_x86_64.whl", hash = "sha256:dd6dfbc1830055290e8ee9f7ffb7465106536f54c1465e08c980c38147e3bcf4"},
    {file = "rtoml-0.11.0-cp311-cp311-manylinux_2_5_i686.manylinux1_i686.whl", hash = "sha256:068131643b18ee839f1d5798ef5b347d04e101b8b9398b774fc839e6231c63c7"},
    {file = "rtoml-0.11.0-cp311-cp311-musllinux_1_1_aarch64.whl", hash = "sha256:042fc83c225b1075b6e717d156c4c7ecdab255127f875f6188fb062d72e59c5f"},
    {file = "rtoml-0.11.0-cp311-cp311-musllinux_1_1_x86_64.whl", hash = "sha256:bcab62bbf210434dcab736c658911d0182afe33b3920b051978c04ca442504a9"},
    {file = "rtoml-0.11.0-cp311-none-win32.whl", hash = "sha256:8edbf3f0498287557a0a170c9a9331dfb69058729968578c37aad19977ba5722"},
    {file = "rtoml-0.11.0-cp311-none-win_amd64.whl", hash = "sha256:d5e3d8d73a220d06bf2359b13572bdbd198e66f45aeac1e84058e448dc34f85e"},
    {file = "rtoml-0.11.0-cp311-none-win_arm64.whl", hash = "sha256:806e3893555657012fe89774e62999e8cac50df53a7bd27f7c838f606397c3f7"},
    {file = "rtoml-0.11.0-cp312-cp312-macosx_10_12_x86_64.whl", hash = "sha256:34c4fd6e6465e6de84ac499e19ae3e4b0d4cd3f9763d1a72a75bd2ef4d0e466a"},
    {file = "rtoml-0.11.0-cp312-cp312-macosx_11_0_arm64.whl", hash = "sha256:0095bc482788d39c6c3e2f9f3a6f7a8149ee1cefe624129e2afc90512d8f16b7"},
    {file = "rtoml-0.11.0-cp312-cp312-manylinux_2_17_aarch64.manylinux2014_aarch64.whl", hash = "sha256:d90b06a36325c9ae6e273669d811aa0e6b8ae41fa9ffe3949f02ef1870dc0ad5"},
    {file = "rtoml-0.11.0-cp312-cp312-manylinux_2_17_armv7l.manylinux2014_armv7l.whl", hash = "sha256:902148f2bd13b4c64d2c5ed576910c5a0a2c86dc052f4e31ca1855131ee157c8"},
    {file = "rtoml-0.11.0-cp312-cp312-manylinux_2_17_ppc64le.manylinux2014_ppc64le.whl", hash = "sha256:d84bbdad28e24f66b8ad632fb7cbec64b921fdff48bf57f4f7179648726f7e54"},
    {file = "rtoml-0.11.0-cp312-cp312-manylinux_2_17_s390x.manylinux2014_s390x.whl", hash = "sha256:4b1d4d4b8d765cf5228e5def9c39837d5b70c6e51422e05b975898c8a765fd1e"},
    {file = "rtoml-0.11.0-cp312-cp312-manylinux_2_17_x86_64.manylinux2014_x86_64.whl", hash = "sha256:8b900dcdf2068105b81b1ded3342dad952e3ea7d4a949473a690c686116a1730"},
    {file = "rtoml-0.11.0-cp312-cp312-manylinux_2_5_i686.manylinux1_i686.whl", hash = "sha256:4a491ad282b918292812518a61f432d6becf1b4a965d9c6595b7f00b1b722e61"},
    {file = "rtoml-0.11.0-cp312-cp312-musllinux_1_1_aarch64.whl", hash = "sha256:d5ccbe43af82f17efed273b517e29febbd8225dab9a314f5728465b61a34781a"},
    {file = "rtoml-0.11.0-cp312-cp312-musllinux_1_1_x86_64.whl", hash = "sha256:4125260584290461825abac23dafb34048dcbedaf9fafea913b5f0b1691c1ad0"},
    {file = "rtoml-0.11.0-cp312-none-win32.whl", hash = "sha256:6e42385f510458f68587051a533cd0161653e1f2b381400a4873eab6f706940b"},
    {file = "rtoml-0.11.0-cp312-none-win_amd64.whl", hash = "sha256:fdce3405e50ba73a45acdf36a793e3563da04fc913c53d54852c5d6cf1eb6d25"},
    {file = "rtoml-0.11.0-cp312-none-win_arm64.whl", hash = "sha256:affc854919b46555f37d1408cb67f06f7453744bf1c5c1c53b69ed8b5227a28d"},
    {file = "rtoml-0.11.0-cp38-cp38-macosx_10_12_x86_64.whl", hash = "sha256:377d24e0c9aac0aa92ff7f4f48d90298c005e4b01a97b532d4a9cc18c180a29c"},
    {file = "rtoml-0.11.0-cp38-cp38-macosx_11_0_arm64.whl", hash = "sha256:a557bd7c40afbdad121f952dd4b87a432c8fc50fea795b44889b84d5f8adea7e"},
    {file = "rtoml-0.11.0-cp38-cp38-manylinux_2_17_aarch64.manylinux2014_aarch64.whl", hash = "sha256:91c9d5b3a8f7efcee02cd250cedebe0b02ca65abd7dfc20b5f69a16b68808d53"},
    {file = "rtoml-0.11.0-cp38-cp38-manylinux_2_17_armv7l.manylinux2014_armv7l.whl", hash = "sha256:eb53b953925ea0f59d1892307503ceb21b66724b7929186d9dc7a53599075b51"},
    {file = "rtoml-0.11.0-cp38-cp38-manylinux_2_17_ppc64le.manylinux2014_ppc64le.whl", hash = "sha256:4aab5871b86e557087d2042136cde2528ad5d2fd34e4261b43a4e66dcaaacd1d"},
    {file = "rtoml-0.11.0-cp38-cp38-manylinux_2_17_s390x.manylinux2014_s390x.whl", hash = "sha256:992646793a06fc6925171301440f56d7c44cd8302a0f1f573935e92e30f50a8e"},
    {file = "rtoml-0.11.0-cp38-cp38-manylinux_2_17_x86_64.manylinux2014_x86_64.whl", hash = "sha256:c8dd9e35799ad86aba60a742c73bfe036210f2d504ab40e623d8360e43cc34f4"},
    {file = "rtoml-0.11.0-cp38-cp38-manylinux_2_5_i686.manylinux1_i686.whl", hash = "sha256:0658ed9376fddb96803e2d042d1b86056f9e8a81e31ee24cca638553ed3aee25"},
    {file = "rtoml-0.11.0-cp38-cp38-musllinux_1_1_aarch64.whl", hash = "sha256:1d15df762e4d513e979158c7dd670bf6df5856b768ac0107bfef0330865229f1"},
    {file = "rtoml-0.11.0-cp38-cp38-musllinux_1_1_x86_64.whl", hash = "sha256:d931274a54fc770601735f611f03bc44032226b549536a16c2479a455a86e1d2"},
    {file = "rtoml-0.11.0-cp38-none-win32.whl", hash = "sha256:e8dfb1460d3fc0501720dbee32acf1100d8ca4d02fbf634e956587f8d969632f"},
    {file = "rtoml-0.11.0-cp38-none-win_amd64.whl", hash = "sha256:38f805d8030b276b3ba19561cde1ac0c74b680b550e284a9e85f4d026be7d9ca"},
    {file = "rtoml-0.11.0-cp39-cp39-macosx_10_12_x86_64.whl", hash = "sha256:15511219ff53406b42da8fb14ecf1ab580ff1bdbdb5d76405df3d97c155fb997"},
    {file = "rtoml-0.11.0-cp39-cp39-macosx_11_0_arm64.whl", hash = "sha256:faeb038772540ad3344fd73329eae3a9e84614c6b25c848dad3258647b3f4abf"},
    {file = "rtoml-0.11.0-cp39-cp39-manylinux_2_17_aarch64.manylinux2014_aarch64.whl", hash = "sha256:52b410561af66ca5689a5c21b6bd31036d5839bb97b06cec71ac1147109f8fb6"},
    {file = "rtoml-0.11.0-cp39-cp39-manylinux_2_17_armv7l.manylinux2014_armv7l.whl", hash = "sha256:fe9938d4793b873e53bb6fc12e4a5b88820b8596a3eaabee67cc3563f080eb85"},
    {file = "rtoml-0.11.0-cp39-cp39-manylinux_2_17_ppc64le.manylinux2014_ppc64le.whl", hash = "sha256:5178ebb7442d9e24448e76d4d32f07aa75acbd765563a2accf50cfb262163b18"},
    {file = "rtoml-0.11.0-cp39-cp39-manylinux_2_17_s390x.manylinux2014_s390x.whl", hash = "sha256:1d0e6f5c936a5d5e2c26d2443a8c861448885cc099f351982c3f7f3a0d1ce114"},
    {file = "rtoml-0.11.0-cp39-cp39-manylinux_2_17_x86_64.manylinux2014_x86_64.whl", hash = "sha256:b750450e1ac63eb43dfbba3612dbb1830b6d90cc22c6ea78d7f2322ec698727d"},
    {file = "rtoml-0.11.0-cp39-cp39-manylinux_2_5_i686.manylinux1_i686.whl", hash = "sha256:3d41b865acf22bd547e771dfac3394e7dbf14586f236f20b70d3058a89352027"},
    {file = "rtoml-0.11.0-cp39-cp39-musllinux_1_1_aarch64.whl", hash = "sha256:8362905a25f3f3b0a6ca015877811d1bd4131ac3dd16f8acd4229e3f40ebd2e5"},
    {file = "rtoml-0.11.0-cp39-cp39-musllinux_1_1_x86_64.whl", hash = "sha256:e42a8536bce3ce91ee8ea867caf5bbc1caedbf477820b14498e85e6d539592aa"},
    {file = "rtoml-0.11.0-cp39-none-win32.whl", hash = "sha256:84b83f2c57a8c4f65c0a6f0c3dbbe1ecb9082757b1fde02b2eb4781040483725"},
    {file = "rtoml-0.11.0-cp39-none-win_amd64.whl", hash = "sha256:fe6594d1a2f1948abf74ecfa24425b4ed7817b93c3daeb1ec779b5fbf935f388"},
    {file = "rtoml-0.11.0.tar.gz", hash = "sha256:a1d1ec36261c47169934a6c0f713a6cdf917604b3f72a72a809c3a68384255d4"},
]

[metadata]
lock-version = "2.0"
python-versions = "^3.10"
content-hash = "8a35486ed30e88d2e736d619cddb9cfb4aa5e4bce73a25b825b245c84c0d169d"
